// !$*UTF8*$!
{
	archiveVersion = 1;
	classes = {
	};
	objectVersion = 46;
	objects = {

/* Begin PBXBuildFile section */
		13E4EE9F1B9E2FDC00CD6277 /* main.cpp in Sources */ = {isa = PBXBuildFile; fileRef = 13E4EE9E1B9E2FDC00CD6277 /* main.cpp */; };
/* End PBXBuildFile section */

/* Begin PBXCopyFilesBuildPhase section */
		13E4EE991B9E2FDC00CD6277 /* CopyFiles */ = {
			isa = PBXCopyFilesBuildPhase;
			buildActionMask = 2147483647;
			dstPath = /usr/share/man/man1/;
			dstSubfolderSpec = 0;
			files = (
			);
			runOnlyForDeploymentPostprocessing = 1;
		};
/* End PBXCopyFilesBuildPhase section */

/* Begin PBXFileReference section */
		13E4EE9B1B9E2FDC00CD6277 /* VectorClass */ = {isa = PBXFileReference; explicitFileType = "compiled.mach-o.executable"; includeInIndex = 0; path = VectorClass; sourceTree = BUILT_PRODUCTS_DIR; };
		13E4EE9E1B9E2FDC00CD6277 /* main.cpp */ = {isa = PBXFileReference; lastKnownFileType = sourcecode.cpp.cpp; path = main.cpp; sourceTree = "<group>"; };
		13E4EEAB1B9E302C00CD6277 /* array.h */ = {isa = PBXFileReference; fileEncoding = 4; lastKnownFileType = sourcecode.c.h; name = array.h; path = ../../array.h; sourceTree = "<group>"; };
		13E4EEAC1B9E305100CD6277 /* LL.h */ = {isa = PBXFileReference; fileEncoding = 4; lastKnownFileType = sourcecode.c.h; name = LL.h; path = "../../COSC052/jms552P3FINAL 2/LL.h"; sourceTree = "<group>"; };
/* End PBXFileReference section */

/* Begin PBXFrameworksBuildPhase section */
		13E4EE981B9E2FDC00CD6277 /* Frameworks */ = {
			isa = PBXFrameworksBuildPhase;
			buildActionMask = 2147483647;
			files = (
			);
			runOnlyForDeploymentPostprocessing = 0;
		};
/* End PBXFrameworksBuildPhase section */

/* Begin PBXGroup section */
		13E4EE921B9E2FDC00CD6277 = {
			isa = PBXGroup;
			children = (
				13E4EE9D1B9E2FDC00CD6277 /* VectorClass */,
				13E4EE9C1B9E2FDC00CD6277 /* Products */,
			);
			sourceTree = "<group>";
		};
		13E4EE9C1B9E2FDC00CD6277 /* Products */ = {
			isa = PBXGroup;
			children = (
				13E4EE9B1B9E2FDC00CD6277 /* VectorClass */,
			);
			name = Products;
			sourceTree = "<group>";
		};
		13E4EE9D1B9E2FDC00CD6277 /* VectorClass */ = {
			isa = PBXGroup;
			children = (
				13E4EEAC1B9E305100CD6277 /* LL.h */,
				13E4EEAB1B9E302C00CD6277 /* array.h */,
				13E4EE9E1B9E2FDC00CD6277 /* main.cpp */,
			);
			path = VectorClass;
			sourceTree = "<group>";
		};
/* End PBXGroup section */

/* Begin PBXNativeTarget section */
		13E4EE9A1B9E2FDC00CD6277 /* VectorClass */ = {
			isa = PBXNativeTarget;
			buildConfigurationList = 13E4EEA21B9E2FDC00CD6277 /* Build configuration list for PBXNativeTarget "VectorClass" */;
			buildPhases = (
				13E4EE971B9E2FDC00CD6277 /* Sources */,
				13E4EE981B9E2FDC00CD6277 /* Frameworks */,
				13E4EE991B9E2FDC00CD6277 /* CopyFiles */,
			);
			buildRules = (
			);
			dependencies = (
			);
			name = VectorClass;
			productName = VectorClass;
			productReference = 13E4EE9B1B9E2FDC00CD6277 /* VectorClass */;
			productType = "com.apple.product-type.tool";
		};
/* End PBXNativeTarget section */

/* Begin PBXProject section */
		13E4EE931B9E2FDC00CD6277 /* Project object */ = {
			isa = PBXProject;
			attributes = {
				LastUpgradeCheck = 0630;
				ORGANIZATIONNAME = "Julianne Salah";
				TargetAttributes = {
					13E4EE9A1B9E2FDC00CD6277 = {
						CreatedOnToolsVersion = 6.3.1;
					};
				};
			};
			buildConfigurationList = 13E4EE961B9E2FDC00CD6277 /* Build configuration list for PBXProject "VectorClass" */;
			compatibilityVersion = "Xcode 3.2";
			developmentRegion = English;
			hasScannedForEncodings = 0;
			knownRegions = (
				en,
			);
			mainGroup = 13E4EE921B9E2FDC00CD6277;
			productRefGroup = 13E4EE9C1B9E2FDC00CD6277 /* Products */;
			projectDirPath = "";
			projectRoot = "";
			targets = (
				13E4EE9A1B9E2FDC00CD6277 /* VectorClass */,
			);
		};
/* End PBXProject section */

/* Begin PBXSourcesBuildPhase section */
		13E4EE971B9E2FDC00CD6277 /* Sources */ = {
			isa = PBXSourcesBuildPhase;
			buildActionMask = 2147483647;
			files = (
				13E4EE9F1B9E2FDC00CD6277 /* main.cpp in Sources */,
			);
			runOnlyForDeploymentPostprocessing = 0;
		};
/* End PBXSourcesBuildPhase section */

/* Begin XCBuildConfiguration section */
		13E4EEA01B9E2FDC00CD6277 /* Debug */ = {
			isa = XCBuildConfiguration;
			buildSettings = {
				ALWAYS_SEARCH_USER_PATHS = NO;
				CLANG_CXX_LANGUAGE_STANDARD = "gnu++0x";
				CLANG_CXX_LIBRARY = "libc++";
				CLANG_ENABLE_MODULES = YES;
				CLANG_ENABLE_OBJC_ARC = YES;
				CLANG_WARN_BOOL_CONVERSION = YES;
				CLANG_WARN_CONSTANT_CONVERSION = YES;
				CLANG_WARN_DIRECT_OBJC_ISA_USAGE = YES_ERROR;
				CLANG_WARN_EMPTY_BODY = YES;
				CLANG_WARN_ENUM_CONVERSION = YES;
				CLANG_WARN_INT_CONVERSION = YES;
				CLANG_WARN_OBJC_ROOT_CLASS = YES_ERROR;
				CLANG_WARN_UNREACHABLE_CODE = YES;
				CLANG_WARN__DUPLICATE_METHOD_MATCH = YES;
				COPY_PHASE_STRIP = NO;
				DEBUG_INFORMATION_FORMAT = dwarf;
				ENABLE_STRICT_OBJC_MSGSEND = YES;
				GCC_C_LANGUAGE_STANDARD = gnu99;
				GCC_DYNAMIC_NO_PIC = NO;
				GCC_NO_COMMON_BLOCKS = YES;
				GCC_OPTIMIZATION_LEVEL = 0;
				GCC_PREPROCESSOR_DEFINITIONS = (
					"DEBUG=1",
					"$(inherited)",
				);
				GCC_SYMBOLS_PRIVATE_EXTERN = NO;
				GCC_WARN_64_TO_32_BIT_CONVERSION = YES;
				GCC_WARN_ABOUT_RETURN_TYPE = YES_ERROR;
				GCC_WARN_UNDECLARED_SELECTOR = YES;
				GCC_WARN_UNINITIALIZED_AUTOS = YES_AGGRESSIVE;
				GCC_WARN_UNUSED_FUNCTION = YES;
				GCC_WARN_UNUSED_VARIABLE = YES;
				MACOSX_DEPLOYMENT_TARGET = 10.10;
				MTL_ENABLE_DEBUG_INFO = YES;
				ONLY_ACTIVE_ARCH = YES;
				SDKROOT = macosx;
			};
			name = Debug;
		};
		13E4EEA11B9E2FDC00CD6277 /* Release */ = {
			isa = XCBuildConfiguration;
			buildSettings = {
				ALWAYS_SEARCH_USER_PATHS = NO;
				CLANG_CXX_LANGUAGE_STANDARD = "gnu++0x";
				CLANG_CXX_LIBRARY = "libc++";
				CLANG_ENABLE_MODULES = YES;
				CLANG_ENABLE_OBJC_ARC = YES;
				CLANG_WARN_BOOL_CONVERSION = YES;
				CLANG_WARN_CONSTANT_CONVERSION = YES;
				CLANG_WARN_DIRECT_OBJC_ISA_USAGE = YES_ERROR;
				CLANG_WARN_EMPTY_BODY = YES;
				CLANG_WARN_ENUM_CONVERSION = YES;
				CLANG_WARN_INT_CONVERSION = YES;
				CLANG_WARN_OBJC_ROOT_CLASS = YES_ERROR;
				CLANG_WARN_UNREACHABLE_CODE = YES;
				CLANG_WARN__DUPLICATE_METHOD_MATCH = YES;
				COPY_PHASE_STRIP = NO;
				DEBUG_INFORMATION_FORMAT = "dwarf-with-dsym";
				ENABLE_NS_ASSERTIONS = NO;
				ENABLE_STRICT_OBJC_MSGSEND = YES;
				GCC_C_LANGUAGE_STANDARD = gnu99;
				GCC_NO_COMMON_BLOCKS = YES;
				GCC_WARN_64_TO_32_BIT_CONVERSION = YES;
				GCC_WARN_ABOUT_RETURN_TYPE = YES_ERROR;
				GCC_WARN_UNDECLARED_SELECTOR = YES;
				GCC_WARN_UNINITIALIZED_AUTOS = YES_AGGRESSIVE;
				GCC_WARN_UNUSED_FUNCTION = YES;
				GCC_WARN_UNUSED_VARIABLE = YES;
				MACOSX_DEPLOYMENT_TARGET = 10.10;
				MTL_ENABLE_DEBUG_INFO = NO;
				SDKROOT = macosx;
			};
			name = Release;
		};
		13E4EEA31B9E2FDC00CD6277 /* Debug */ = {
			isa = XCBuildConfiguration;
			buildSettings = {
				PRODUCT_NAME = "$(TARGET_NAME)";
			};
			name = Debug;
		};
		13E4EEA41B9E2FDC00CD6277 /* Release */ = {
			isa = XCBuildConfiguration;
			buildSettings = {
				PRODUCT_NAME = "$(TARGET_NAME)";
			};
			name = Release;
		};
/* End XCBuildConfiguration section */

/* Begin XCConfigurationList section */
		13E4EE961B9E2FDC00CD6277 /* Build configuration list for PBXProject "VectorClass" */ = {
			isa = XCConfigurationList;
			buildConfigurations = (
				13E4EEA01B9E2FDC00CD6277 /* Debug */,
				13E4EEA11B9E2FDC00CD6277 /* Release */,
			);
			defaultConfigurationIsVisible = 0;
			defaultConfigurationName = Release;
		};
		13E4EEA21B9E2FDC00CD6277 /* Build configuration list for PBXNativeTarget "VectorClass" */ = {
			isa = XCConfigurationList;
			buildConfigurations = (
				13E4EEA31B9E2FDC00CD6277 /* Debug */,
				13E4EEA41B9E2FDC00CD6277 /* Release */,
			);
			defaultConfigurationIsVisible = 0;
		};
/* End XCConfigurationList section */
	};
	rootObject = 13E4EE931B9E2FDC00CD6277 /* Project object */;
}
